// !$*UTF8*$!
{
	archiveVersion = 1;
	classes = {
	};
	objectVersion = 50;
	objects = {

/* Begin PBXBuildFile section */
		BE5FF56622393C020000DA70 /* AppDelegate.m in Sources */ = {isa = PBXBuildFile; fileRef = BE5FF56522393C020000DA70 /* AppDelegate.m */; };
		BE5FF56922393C020000DA70 /* ViewController.m in Sources */ = {isa = PBXBuildFile; fileRef = BE5FF56822393C020000DA70 /* ViewController.m */; };
		BE5FF56C22393C020000DA70 /* Main.storyboard in Resources */ = {isa = PBXBuildFile; fileRef = BE5FF56A22393C020000DA70 /* Main.storyboard */; };
		BE5FF56E22393C050000DA70 /* Assets.xcassets in Resources */ = {isa = PBXBuildFile; fileRef = BE5FF56D22393C050000DA70 /* Assets.xcassets */; };
		BE5FF57122393C050000DA70 /* LaunchScreen.storyboard in Resources */ = {isa = PBXBuildFile; fileRef = BE5FF56F22393C050000DA70 /* LaunchScreen.storyboard */; };
		BE5FF57422393C050000DA70 /* main.m in Sources */ = {isa = PBXBuildFile; fileRef = BE5FF57322393C050000DA70 /* main.m */; };
		BE5FF57E22393C050000DA70 /* TestOpenglESTests.m in Sources */ = {isa = PBXBuildFile; fileRef = BE5FF57D22393C050000DA70 /* TestOpenglESTests.m */; };
		BE5FF58922393C050000DA70 /* TestOpenglESUITests.m in Sources */ = {isa = PBXBuildFile; fileRef = BE5FF58822393C050000DA70 /* TestOpenglESUITests.m */; };
		BE5FF59822393C400000DA70 /* TestGLView.m in Sources */ = {isa = PBXBuildFile; fileRef = BE5FF59722393C400000DA70 /* TestGLView.m */; };
		BEC0EE0B223A318800B0E5FE /* shaderf.fsh in Resources */ = {isa = PBXBuildFile; fileRef = BEC0EE09223A318800B0E5FE /* shaderf.fsh */; };
		BEC0EE0C223A318800B0E5FE /* shaderv.vsh in Resources */ = {isa = PBXBuildFile; fileRef = BEC0EE0A223A318800B0E5FE /* shaderv.vsh */; };
		BEC0EE0F223A43C600B0E5FE /* for_test.png in Resources */ = {isa = PBXBuildFile; fileRef = BEC0EE0E223A43C500B0E5FE /* for_test.png */; };
		BECC6D77224B16F80056218A /* GLShowViewController.m in Sources */ = {isa = PBXBuildFile; fileRef = BECC6D76224B16F80056218A /* GLShowViewController.m */; };
/* End PBXBuildFile section */

/* Begin PBXContainerItemProxy section */
		BE5FF57A22393C050000DA70 /* PBXContainerItemProxy */ = {
			isa = PBXContainerItemProxy;
			containerPortal = BE5FF55922393C010000DA70 /* Project object */;
			proxyType = 1;
			remoteGlobalIDString = BE5FF56022393C010000DA70;
			remoteInfo = TestOpenglES;
		};
		BE5FF58522393C050000DA70 /* PBXContainerItemProxy */ = {
			isa = PBXContainerItemProxy;
			containerPortal = BE5FF55922393C010000DA70 /* Project object */;
			proxyType = 1;
			remoteGlobalIDString = BE5FF56022393C010000DA70;
			remoteInfo = TestOpenglES;
		};
/* End PBXContainerItemProxy section */

/* Begin PBXFileReference section */
		BE5FF56122393C010000DA70 /* TestOpenglES.app */ = {isa = PBXFileReference; explicitFileType = wrapper.application; includeInIndex = 0; path = TestOpenglES.app; sourceTree = BUILT_PRODUCTS_DIR; };
		BE5FF56422393C020000DA70 /* AppDelegate.h */ = {isa = PBXFileReference; lastKnownFileType = sourcecode.c.h; path = AppDelegate.h; sourceTree = "<group>"; };
		BE5FF56522393C020000DA70 /* AppDelegate.m */ = {isa = PBXFileReference; lastKnownFileType = sourcecode.c.objc; path = AppDelegate.m; sourceTree = "<group>"; };
		BE5FF56722393C020000DA70 /* ViewController.h */ = {isa = PBXFileReference; lastKnownFileType = sourcecode.c.h; path = ViewController.h; sourceTree = "<group>"; };
		BE5FF56822393C020000DA70 /* ViewController.m */ = {isa = PBXFileReference; lastKnownFileType = sourcecode.c.objc; path = ViewController.m; sourceTree = "<group>"; };
		BE5FF56B22393C020000DA70 /* Base */ = {isa = PBXFileReference; lastKnownFileType = file.storyboard; name = Base; path = Base.lproj/Main.storyboard; sourceTree = "<group>"; };
		BE5FF56D22393C050000DA70 /* Assets.xcassets */ = {isa = PBXFileReference; lastKnownFileType = folder.assetcatalog; path = Assets.xcassets; sourceTree = "<group>"; };
		BE5FF57022393C050000DA70 /* Base */ = {isa = PBXFileReference; lastKnownFileType = file.storyboard; name = Base; path = Base.lproj/LaunchScreen.storyboard; sourceTree = "<group>"; };
		BE5FF57222393C050000DA70 /* Info.plist */ = {isa = PBXFileReference; lastKnownFileType = text.plist.xml; path = Info.plist; sourceTree = "<group>"; };
		BE5FF57322393C050000DA70 /* main.m */ = {isa = PBXFileReference; lastKnownFileType = sourcecode.c.objc; path = main.m; sourceTree = "<group>"; };
		BE5FF57922393C050000DA70 /* TestOpenglESTests.xctest */ = {isa = PBXFileReference; explicitFileType = wrapper.cfbundle; includeInIndex = 0; path = TestOpenglESTests.xctest; sourceTree = BUILT_PRODUCTS_DIR; };
		BE5FF57D22393C050000DA70 /* TestOpenglESTests.m */ = {isa = PBXFileReference; lastKnownFileType = sourcecode.c.objc; path = TestOpenglESTests.m; sourceTree = "<group>"; };
		BE5FF57F22393C050000DA70 /* Info.plist */ = {isa = PBXFileReference; lastKnownFileType = text.plist.xml; path = Info.plist; sourceTree = "<group>"; };
		BE5FF58422393C050000DA70 /* TestOpenglESUITests.xctest */ = {isa = PBXFileReference; explicitFileType = wrapper.cfbundle; includeInIndex = 0; path = TestOpenglESUITests.xctest; sourceTree = BUILT_PRODUCTS_DIR; };
		BE5FF58822393C050000DA70 /* TestOpenglESUITests.m */ = {isa = PBXFileReference; lastKnownFileType = sourcecode.c.objc; path = TestOpenglESUITests.m; sourceTree = "<group>"; };
		BE5FF58A22393C050000DA70 /* Info.plist */ = {isa = PBXFileReference; lastKnownFileType = text.plist.xml; path = Info.plist; sourceTree = "<group>"; };
		BE5FF59622393C400000DA70 /* TestGLView.h */ = {isa = PBXFileReference; lastKnownFileType = sourcecode.c.h; path = TestGLView.h; sourceTree = "<group>"; };
		BE5FF59722393C400000DA70 /* TestGLView.m */ = {isa = PBXFileReference; lastKnownFileType = sourcecode.c.objc; path = TestGLView.m; sourceTree = "<group>"; };
		BEC0EE09223A318800B0E5FE /* shaderf.fsh */ = {isa = PBXFileReference; fileEncoding = 4; lastKnownFileType = sourcecode.glsl; path = shaderf.fsh; sourceTree = "<group>"; };
		BEC0EE0A223A318800B0E5FE /* shaderv.vsh */ = {isa = PBXFileReference; fileEncoding = 4; lastKnownFileType = sourcecode.glsl; path = shaderv.vsh; sourceTree = "<group>"; };
		BEC0EE0E223A43C500B0E5FE /* for_test.png */ = {isa = PBXFileReference; lastKnownFileType = image.png; path = for_test.png; sourceTree = "<group>"; };
		BECC6D75224B16F80056218A /* GLShowViewController.h */ = {isa = PBXFileReference; lastKnownFileType = sourcecode.c.h; path = GLShowViewController.h; sourceTree = "<group>"; };
		BECC6D76224B16F80056218A /* GLShowViewController.m */ = {isa = PBXFileReference; lastKnownFileType = sourcecode.c.objc; path = GLShowViewController.m; sourceTree = "<group>"; };
/* End PBXFileReference section */

/* Begin PBXFrameworksBuildPhase section */
		BE5FF55E22393C010000DA70 /* Frameworks */ = {
			isa = PBXFrameworksBuildPhase;
			buildActionMask = 2147483647;
			files = (
			);
			runOnlyForDeploymentPostprocessing = 0;
		};
		BE5FF57622393C050000DA70 /* Frameworks */ = {
			isa = PBXFrameworksBuildPhase;
			buildActionMask = 2147483647;
			files = (
			);
			runOnlyForDeploymentPostprocessing = 0;
		};
		BE5FF58122393C050000DA70 /* Frameworks */ = {
			isa = PBXFrameworksBuildPhase;
			buildActionMask = 2147483647;
			files = (
			);
			runOnlyForDeploymentPostprocessing = 0;
		};
/* End PBXFrameworksBuildPhase section */

/* Begin PBXGroup section */
		BE5FF55822393C010000DA70 = {
			isa = PBXGroup;
			children = (
				BE5FF56322393C020000DA70 /* TestOpenglES */,
				BE5FF57C22393C050000DA70 /* TestOpenglESTests */,
				BE5FF58722393C050000DA70 /* TestOpenglESUITests */,
				BE5FF56222393C010000DA70 /* Products */,
			);
			sourceTree = "<group>";
		};
		BE5FF56222393C010000DA70 /* Products */ = {
			isa = PBXGroup;
			children = (
				BE5FF56122393C010000DA70 /* TestOpenglES.app */,
				BE5FF57922393C050000DA70 /* TestOpenglESTests.xctest */,
				BE5FF58422393C050000DA70 /* TestOpenglESUITests.xctest */,
			);
			name = Products;
			sourceTree = "<group>";
		};
		BE5FF56322393C020000DA70 /* TestOpenglES */ = {
			isa = PBXGroup;
			children = (
				BEC0EE0E223A43C500B0E5FE /* for_test.png */,
				BEC0EE09223A318800B0E5FE /* shaderf.fsh */,
				BEC0EE0A223A318800B0E5FE /* shaderv.vsh */,
				BE5FF56422393C020000DA70 /* AppDelegate.h */,
				BE5FF56522393C020000DA70 /* AppDelegate.m */,
				BE5FF56722393C020000DA70 /* ViewController.h */,
				BE5FF56822393C020000DA70 /* ViewController.m */,
				BECC6D75224B16F80056218A /* GLShowViewController.h */,
				BECC6D76224B16F80056218A /* GLShowViewController.m */,
				BE5FF56A22393C020000DA70 /* Main.storyboard */,
				BE5FF56D22393C050000DA70 /* Assets.xcassets */,
				BE5FF56F22393C050000DA70 /* LaunchScreen.storyboard */,
				BE5FF57222393C050000DA70 /* Info.plist */,
				BE5FF57322393C050000DA70 /* main.m */,
				BE5FF59622393C400000DA70 /* TestGLView.h */,
				BE5FF59722393C400000DA70 /* TestGLView.m */,
			);
			path = TestOpenglES;
			sourceTree = "<group>";
		};
		BE5FF57C22393C050000DA70 /* TestOpenglESTests */ = {
			isa = PBXGroup;
			children = (
				BE5FF57D22393C050000DA70 /* TestOpenglESTests.m */,
				BE5FF57F22393C050000DA70 /* Info.plist */,
			);
			path = TestOpenglESTests;
			sourceTree = "<group>";
		};
		BE5FF58722393C050000DA70 /* TestOpenglESUITests */ = {
			isa = PBXGroup;
			children = (
				BE5FF58822393C050000DA70 /* TestOpenglESUITests.m */,
				BE5FF58A22393C050000DA70 /* Info.plist */,
			);
			path = TestOpenglESUITests;
			sourceTree = "<group>";
		};
/* End PBXGroup section */

/* Begin PBXNativeTarget section */
		BE5FF56022393C010000DA70 /* TestOpenglES */ = {
			isa = PBXNativeTarget;
			buildConfigurationList = BE5FF58D22393C050000DA70 /* Build configuration list for PBXNativeTarget "TestOpenglES" */;
			buildPhases = (
				BE5FF55D22393C010000DA70 /* Sources */,
				BE5FF55E22393C010000DA70 /* Frameworks */,
				BE5FF55F22393C010000DA70 /* Resources */,
			);
			buildRules = (
			);
			dependencies = (
			);
			name = TestOpenglES;
			productName = TestOpenglES;
			productReference = BE5FF56122393C010000DA70 /* TestOpenglES.app */;
			productType = "com.apple.product-type.application";
		};
		BE5FF57822393C050000DA70 /* TestOpenglESTests */ = {
			isa = PBXNativeTarget;
			buildConfigurationList = BE5FF59022393C050000DA70 /* Build configuration list for PBXNativeTarget "TestOpenglESTests" */;
			buildPhases = (
				BE5FF57522393C050000DA70 /* Sources */,
				BE5FF57622393C050000DA70 /* Frameworks */,
				BE5FF57722393C050000DA70 /* Resources */,
			);
			buildRules = (
			);
			dependencies = (
				BE5FF57B22393C050000DA70 /* PBXTargetDependency */,
			);
			name = TestOpenglESTests;
			productName = TestOpenglESTests;
			productReference = BE5FF57922393C050000DA70 /* TestOpenglESTests.xctest */;
			productType = "com.apple.product-type.bundle.unit-test";
		};
		BE5FF58322393C050000DA70 /* TestOpenglESUITests */ = {
			isa = PBXNativeTarget;
			buildConfigurationList = BE5FF59322393C050000DA70 /* Build configuration list for PBXNativeTarget "TestOpenglESUITests" */;
			buildPhases = (
				BE5FF58022393C050000DA70 /* Sources */,
				BE5FF58122393C050000DA70 /* Frameworks */,
				BE5FF58222393C050000DA70 /* Resources */,
			);
			buildRules = (
			);
			dependencies = (
				BE5FF58622393C050000DA70 /* PBXTargetDependency */,
			);
			name = TestOpenglESUITests;
			productName = TestOpenglESUITests;
			productReference = BE5FF58422393C050000DA70 /* TestOpenglESUITests.xctest */;
			productType = "com.apple.product-type.bundle.ui-testing";
		};
/* End PBXNativeTarget section */

/* Begin PBXProject section */
		BE5FF55922393C010000DA70 /* Project object */ = {
			isa = PBXProject;
			attributes = {
				LastUpgradeCheck = 1010;
				ORGANIZATIONNAME = "余礼钵";
				TargetAttributes = {
					BE5FF56022393C010000DA70 = {
						CreatedOnToolsVersion = 10.1;
					};
					BE5FF57822393C050000DA70 = {
						CreatedOnToolsVersion = 10.1;
						TestTargetID = BE5FF56022393C010000DA70;
					};
					BE5FF58322393C050000DA70 = {
						CreatedOnToolsVersion = 10.1;
						TestTargetID = BE5FF56022393C010000DA70;
					};
				};
			};
			buildConfigurationList = BE5FF55C22393C010000DA70 /* Build configuration list for PBXProject "TestOpenglES" */;
			compatibilityVersion = "Xcode 9.3";
			developmentRegion = en;
			hasScannedForEncodings = 0;
			knownRegions = (
				en,
				Base,
			);
			mainGroup = BE5FF55822393C010000DA70;
			productRefGroup = BE5FF56222393C010000DA70 /* Products */;
			projectDirPath = "";
			projectRoot = "";
			targets = (
				BE5FF56022393C010000DA70 /* TestOpenglES */,
				BE5FF57822393C050000DA70 /* TestOpenglESTests */,
				BE5FF58322393C050000DA70 /* TestOpenglESUITests */,
			);
		};
/* End PBXProject section */

/* Begin PBXResourcesBuildPhase section */
		BE5FF55F22393C010000DA70 /* Resources */ = {
			isa = PBXResourcesBuildPhase;
			buildActionMask = 2147483647;
			files = (
				BEC0EE0C223A318800B0E5FE /* shaderv.vsh in Resources */,
				BEC0EE0F223A43C600B0E5FE /* for_test.png in Resources */,
				BE5FF57122393C050000DA70 /* LaunchScreen.storyboard in Resources */,
				BE5FF56E22393C050000DA70 /* Assets.xcassets in Resources */,
				BE5FF56C22393C020000DA70 /* Main.storyboard in Resources */,
				BEC0EE0B223A318800B0E5FE /* shaderf.fsh in Resources */,
			);
			runOnlyForDeploymentPostprocessing = 0;
		};
		BE5FF57722393C050000DA70 /* Resources */ = {
			isa = PBXResourcesBuildPhase;
			buildActionMask = 2147483647;
			files = (
			);
			runOnlyForDeploymentPostprocessing = 0;
		};
		BE5FF58222393C050000DA70 /* Resources */ = {
			isa = PBXResourcesBuildPhase;
			buildActionMask = 2147483647;
			files = (
			);
			runOnlyForDeploymentPostprocessing = 0;
		};
/* End PBXResourcesBuildPhase section */

/* Begin PBXSourcesBuildPhase section */
		BE5FF55D22393C010000DA70 /* Sources */ = {
			isa = PBXSourcesBuildPhase;
			buildActionMask = 2147483647;
			files = (
				BECC6D77224B16F80056218A /* GLShowViewController.m in Sources */,
				BE5FF56922393C020000DA70 /* ViewController.m in Sources */,
				BE5FF59822393C400000DA70 /* TestGLView.m in Sources */,
				BE5FF57422393C050000DA70 /* main.m in Sources */,
				BE5FF56622393C020000DA70 /* AppDelegate.m in Sources */,
			);
			runOnlyForDeploymentPostprocessing = 0;
		};
		BE5FF57522393C050000DA70 /* Sources */ = {
			isa = PBXSourcesBuildPhase;
			buildActionMask = 2147483647;
			files = (
				BE5FF57E22393C050000DA70 /* TestOpenglESTests.m in Sources */,
			);
			runOnlyForDeploymentPostprocessing = 0;
		};
		BE5FF58022393C050000DA70 /* Sources */ = {
			isa = PBXSourcesBuildPhase;
			buildActionMask = 2147483647;
			files = (
				BE5FF58922393C050000DA70 /* TestOpenglESUITests.m in Sources */,
			);
			runOnlyForDeploymentPostprocessing = 0;
		};
/* End PBXSourcesBuildPhase section */

/* Begin PBXTargetDependency section */
		BE5FF57B22393C050000DA70 /* PBXTargetDependency */ = {
			isa = PBXTargetDependency;
			target = BE5FF56022393C010000DA70 /* TestOpenglES */;
			targetProxy = BE5FF57A22393C050000DA70 /* PBXContainerItemProxy */;
		};
		BE5FF58622393C050000DA70 /* PBXTargetDependency */ = {
			isa = PBXTargetDependency;
			target = BE5FF56022393C010000DA70 /* TestOpenglES */;
			targetProxy = BE5FF58522393C050000DA70 /* PBXContainerItemProxy */;
		};
/* End PBXTargetDependency section */

/* Begin PBXVariantGroup section */
		BE5FF56A22393C020000DA70 /* Main.storyboard */ = {
			isa = PBXVariantGroup;
			children = (
				BE5FF56B22393C020000DA70 /* Base */,
			);
			name = Main.storyboard;
			sourceTree = "<group>";
		};
		BE5FF56F22393C050000DA70 /* LaunchScreen.storyboard */ = {
			isa = PBXVariantGroup;
			children = (
				BE5FF57022393C050000DA70 /* Base */,
			);
			name = LaunchScreen.storyboard;
			sourceTree = "<group>";
		};
/* End PBXVariantGroup section */

/* Begin XCBuildConfiguration section */
		BE5FF58B22393C050000DA70 /* Debug */ = {
			isa = XCBuildConfiguration;
			buildSettings = {
				ALWAYS_SEARCH_USER_PATHS = NO;
				CLANG_ANALYZER_NONNULL = YES;
				CLANG_ANALYZER_NUMBER_OBJECT_CONVERSION = YES_AGGRESSIVE;
				CLANG_CXX_LANGUAGE_STANDARD = "gnu++14";
				CLANG_CXX_LIBRARY = "libc++";
				CLANG_ENABLE_MODULES = YES;
				CLANG_ENABLE_OBJC_ARC = YES;
				CLANG_ENABLE_OBJC_WEAK = YES;
				CLANG_WARN_BLOCK_CAPTURE_AUTORELEASING = YES;
				CLANG_WARN_BOOL_CONVERSION = YES;
				CLANG_WARN_COMMA = YES;
				CLANG_WARN_CONSTANT_CONVERSION = YES;
				CLANG_WARN_DEPRECATED_OBJC_IMPLEMENTATIONS = YES;
				CLANG_WARN_DIRECT_OBJC_ISA_USAGE = YES_ERROR;
				CLANG_WARN_DOCUMENTATION_COMMENTS = YES;
				CLANG_WARN_EMPTY_BODY = YES;
				CLANG_WARN_ENUM_CONVERSION = YES;
				CLANG_WARN_INFINITE_RECURSION = YES;
				CLANG_WARN_INT_CONVERSION = YES;
				CLANG_WARN_NON_LITERAL_NULL_CONVERSION = YES;
				CLANG_WARN_OBJC_IMPLICIT_RETAIN_SELF = YES;
				CLANG_WARN_OBJC_LITERAL_CONVERSION = YES;
				CLANG_WARN_OBJC_ROOT_CLASS = YES_ERROR;
				CLANG_WARN_RANGE_LOOP_ANALYSIS = YES;
				CLANG_WARN_STRICT_PROTOTYPES = YES;
				CLANG_WARN_SUSPICIOUS_MOVE = YES;
				CLANG_WARN_UNGUARDED_AVAILABILITY = YES_AGGRESSIVE;
				CLANG_WARN_UNREACHABLE_CODE = YES;
				CLANG_WARN__DUPLICATE_METHOD_MATCH = YES;
				CODE_SIGN_IDENTITY = "iPhone Developer";
				COPY_PHASE_STRIP = NO;
				DEBUG_INFORMATION_FORMAT = dwarf;
				ENABLE_STRICT_OBJC_MSGSEND = YES;
				ENABLE_TESTABILITY = YES;
				GCC_C_LANGUAGE_STANDARD = gnu11;
				GCC_DYNAMIC_NO_PIC = NO;
				GCC_NO_COMMON_BLOCKS = YES;
				GCC_OPTIMIZATION_LEVEL = 0;
				GCC_PREPROCESSOR_DEFINITIONS = (
					"DEBUG=1",
					"$(inherited)",
				);
				GCC_WARN_64_TO_32_BIT_CONVERSION = YES;
				GCC_WARN_ABOUT_RETURN_TYPE = YES_ERROR;
				GCC_WARN_UNDECLARED_SELECTOR = YES;
				GCC_WARN_UNINITIALIZED_AUTOS = YES_AGGRESSIVE;
				GCC_WARN_UNUSED_FUNCTION = YES;
				GCC_WARN_UNUSED_VARIABLE = YES;
				IPHONEOS_DEPLOYMENT_TARGET = 12.1;
				MTL_ENABLE_DEBUG_INFO = INCLUDE_SOURCE;
				MTL_FAST_MATH = YES;
				ONLY_ACTIVE_ARCH = YES;
				SDKROOT = iphoneos;
			};
			name = Debug;
		};
		BE5FF58C22393C050000DA70 /* Release */ = {
			isa = XCBuildConfiguration;
			buildSettings = {
				ALWAYS_SEARCH_USER_PATHS = NO;
				CLANG_ANALYZER_NONNULL = YES;
				CLANG_ANALYZER_NUMBER_OBJECT_CONVERSION = YES_AGGRESSIVE;
				CLANG_CXX_LANGUAGE_STANDARD = "gnu++14";
				CLANG_CXX_LIBRARY = "libc++";
				CLANG_ENABLE_MODULES = YES;
				CLANG_ENABLE_OBJC_ARC = YES;
				CLANG_ENABLE_OBJC_WEAK = YES;
				CLANG_WARN_BLOCK_CAPTURE_AUTORELEASING = YES;
				CLANG_WARN_BOOL_CONVERSION = YES;
				CLANG_WARN_COMMA = YES;
				CLANG_WARN_CONSTANT_CONVERSION = YES;
				CLANG_WARN_DEPRECATED_OBJC_IMPLEMENTATIONS = YES;
				CLANG_WARN_DIRECT_OBJC_ISA_USAGE = YES_ERROR;
				CLANG_WARN_DOCUMENTATION_COMMENTS = YES;
				CLANG_WARN_EMPTY_BODY = YES;
				CLANG_WARN_ENUM_CONVERSION = YES;
				CLANG_WARN_INFINITE_RECURSION = YES;
				CLANG_WARN_INT_CONVERSION = YES;
				CLANG_WARN_NON_LITERAL_NULL_CONVERSION = YES;
				CLANG_WARN_OBJC_IMPLICIT_RETAIN_SELF = YES;
				CLANG_WARN_OBJC_LITERAL_CONVERSION = YES;
				CLANG_WARN_OBJC_ROOT_CLASS = YES_ERROR;
				CLANG_WARN_RANGE_LOOP_ANALYSIS = YES;
				CLANG_WARN_STRICT_PROTOTYPES = YES;
				CLANG_WARN_SUSPICIOUS_MOVE = YES;
				CLANG_WARN_UNGUARDED_AVAILABILITY = YES_AGGRESSIVE;
				CLANG_WARN_UNREACHABLE_CODE = YES;
				CLANG_WARN__DUPLICATE_METHOD_MATCH = YES;
				CODE_SIGN_IDENTITY = "iPhone Developer";
				COPY_PHASE_STRIP = NO;
				DEBUG_INFORMATION_FORMAT = "dwarf-with-dsym";
				ENABLE_NS_ASSERTIONS = NO;
				ENABLE_STRICT_OBJC_MSGSEND = YES;
				GCC_C_LANGUAGE_STANDARD = gnu11;
				GCC_NO_COMMON_BLOCKS = YES;
				GCC_WARN_64_TO_32_BIT_CONVERSION = YES;
				GCC_WARN_ABOUT_RETURN_TYPE = YES_ERROR;
				GCC_WARN_UNDECLARED_SELECTOR = YES;
				GCC_WARN_UNINITIALIZED_AUTOS = YES_AGGRESSIVE;
				GCC_WARN_UNUSED_FUNCTION = YES;
				GCC_WARN_UNUSED_VARIABLE = YES;
				IPHONEOS_DEPLOYMENT_TARGET = 12.1;
				MTL_ENABLE_DEBUG_INFO = NO;
				MTL_FAST_MATH = YES;
				SDKROOT = iphoneos;
				VALIDATE_PRODUCT = YES;
			};
			name = Release;
		};
		BE5FF58E22393C050000DA70 /* Debug */ = {
			isa = XCBuildConfiguration;
			buildSettings = {
				ASSETCATALOG_COMPILER_APPICON_NAME = AppIcon;
				CODE_SIGN_STYLE = Automatic;
				DEVELOPMENT_TEAM = 5NJW3D5N74;
				INFOPLIST_FILE = TestOpenglES/Info.plist;
				IPHONEOS_DEPLOYMENT_TARGET = 9.0;
				LD_RUNPATH_SEARCH_PATHS = (
					"$(inherited)",
					"@executable_path/Frameworks",
				);
				PRODUCT_BUNDLE_IDENTIFIER = com.yulibo.UI.TestOpenglES;
				PRODUCT_NAME = "$(TARGET_NAME)";
				TARGETED_DEVICE_FAMILY = "1,2";
			};
			name = Debug;
		};
		BE5FF58F22393C050000DA70 /* Release */ = {
			isa = XCBuildConfiguration;
			buildSettings = {
				ASSETCATALOG_COMPILER_APPICON_NAME = AppIcon;
				CODE_SIGN_STYLE = Automatic;
				DEVELOPMENT_TEAM = 5NJW3D5N74;
				INFOPLIST_FILE = TestOpenglES/Info.plist;
				IPHONEOS_DEPLOYMENT_TARGET = 9.0;
				LD_RUNPATH_SEARCH_PATHS = (
					"$(inherited)",
					"@executable_path/Frameworks",
				);
				PRODUCT_BUNDLE_IDENTIFIER = com.yulibo.UI.TestOpenglES;
				PRODUCT_NAME = "$(TARGET_NAME)";
				TARGETED_DEVICE_FAMILY = "1,2";
			};
			name = Release;
		};
		BE5FF59122393C050000DA70 /* Debug */ = {
			isa = XCBuildConfiguration;
			buildSettings = {
				BUNDLE_LOADER = "$(TEST_HOST)";
				CODE_SIGN_STYLE = Automatic;
				INFOPLIST_FILE = TestOpenglESTests/Info.plist;
				LD_RUNPATH_SEARCH_PATHS = (
					"$(inherited)",
					"@executable_path/Frameworks",
					"@loader_path/Frameworks",
				);
				PRODUCT_BUNDLE_IDENTIFIER = com.yulibo.UI.TestOpenglESTests;
				PRODUCT_NAME = "$(TARGET_NAME)";
				TARGETED_DEVICE_FAMILY = "1,2";
				TEST_HOST = "$(BUILT_PRODUCTS_DIR)/TestOpenglES.app/TestOpenglES";
			};
			name = Debug;
		};
		BE5FF59222393C050000DA70 /* Release */ = {
			isa = XCBuildConfiguration;
			buildSettings = {
				BUNDLE_LOADER = "$(TEST_HOST)";
				CODE_SIGN_STYLE = Automatic;
				INFOPLIST_FILE = TestOpenglESTests/Info.plist;
				LD_RUNPATH_SEARCH_PATHS = (
					"$(inherited)",
					"@executable_path/Frameworks",
					"@loader_path/Frameworks",
				);
				PRODUCT_BUNDLE_IDENTIFIER = com.yulibo.UI.TestOpenglESTests;
				PRODUCT_NAME = "$(TARGET_NAME)";
				TARGETED_DEVICE_FAMILY = "1,2";
				TEST_HOST = "$(BUILT_PRODUCTS_DIR)/TestOpenglES.app/TestOpenglES";
			};
			name = Release;
		};
		BE5FF59422393C050000DA70 /* Debug */ = {
			isa = XCBuildConfiguration;
			buildSettings = {
				CODE_SIGN_STYLE = Automatic;
				INFOPLIST_FILE = TestOpenglESUITests/Info.plist;
				LD_RUNPATH_SEARCH_PATHS = (
					"$(inherited)",
					"@executable_path/Frameworks",
					"@loader_path/Frameworks",
				);
				PRODUCT_BUNDLE_IDENTIFIER = com.yulibo.UI.TestOpenglESUITests;
				PRODUCT_NAME = "$(TARGET_NAME)";
				TARGETED_DEVICE_FAMILY = "1,2";
				TEST_TARGET_NAME = TestOpenglES;
			};
			name = Debug;
		};
		BE5FF59522393C050000DA70 /* Release */ = {
			isa = XCBuildConfiguration;
			buildSettings = {
				CODE_SIGN_STYLE = Automatic;
				INFOPLIST_FILE = TestOpenglESUITests/Info.plist;
				LD_RUNPATH_SEARCH_PATHS = (
					"$(inherited)",
					"@executable_path/Frameworks",
					"@loader_path/Frameworks",
				);
				PRODUCT_BUNDLE_IDENTIFIER = com.yulibo.UI.TestOpenglESUITests;
				PRODUCT_NAME = "$(TARGET_NAME)";
				TARGETED_DEVICE_FAMILY = "1,2";
				TEST_TARGET_NAME = TestOpenglES;
			};
			name = Release;
		};
/* End XCBuildConfiguration section */

/* Begin XCConfigurationList section */
		BE5FF55C22393C010000DA70 /* Build configuration list for PBXProject "TestOpenglES" */ = {
			isa = XCConfigurationList;
			buildConfigurations = (
				BE5FF58B22393C050000DA70 /* Debug */,
				BE5FF58C22393C050000DA70 /* Release */,
			);
			defaultConfigurationIsVisible = 0;
			defaultConfigurationName = Release;
		};
		BE5FF58D22393C050000DA70 /* Build configuration list for PBXNativeTarget "TestOpenglES" */ = {
			isa = XCConfigurationList;
			buildConfigurations = (
				BE5FF58E22393C050000DA70 /* Debug */,
				BE5FF58F22393C050000DA70 /* Release */,
			);
			defaultConfigurationIsVisible = 0;
			defaultConfigurationName = Release;
		};
		BE5FF59022393C050000DA70 /* Build configuration list for PBXNativeTarget "TestOpenglESTests" */ = {
			isa = XCConfigurationList;
			buildConfigurations = (
				BE5FF59122393C050000DA70 /* Debug */,
				BE5FF59222393C050000DA70 /* Release */,
			);
			defaultConfigurationIsVisible = 0;
			defaultConfigurationName = Release;
		};
		BE5FF59322393C050000DA70 /* Build configuration list for PBXNativeTarget "TestOpenglESUITests" */ = {
			isa = XCConfigurationList;
			buildConfigurations = (
				BE5FF59422393C050000DA70 /* Debug */,
				BE5FF59522393C050000DA70 /* Release */,
			);
			defaultConfigurationIsVisible = 0;
			defaultConfigurationName = Release;
		};
/* End XCConfigurationList section */
	};
	rootObject = BE5FF55922393C010000DA70 /* Project object */;
}
